// !$*UTF8*$!
{
	archiveVersion = 1;
	classes = {
	};
	objectVersion = 56;
	objects = {

/* Begin PBXBuildFile section */
		155961262B2B23A700C97927 /* AppDelegate.swift in Sources */ = {isa = PBXBuildFile; fileRef = 155961252B2B23A700C97927 /* AppDelegate.swift */; };
		155961282B2B23A700C97927 /* SceneDelegate.swift in Sources */ = {isa = PBXBuildFile; fileRef = 155961272B2B23A700C97927 /* SceneDelegate.swift */; };
		1559612A2B2B23A700C97927 /* ViewController.swift in Sources */ = {isa = PBXBuildFile; fileRef = 155961292B2B23A700C97927 /* ViewController.swift */; };
		1559612F2B2B23A700C97927 /* Assets.xcassets in Resources */ = {isa = PBXBuildFile; fileRef = 1559612E2B2B23A700C97927 /* Assets.xcassets */; };
		155961322B2B23A700C97927 /* LaunchScreen.storyboard in Resources */ = {isa = PBXBuildFile; fileRef = 155961302B2B23A700C97927 /* LaunchScreen.storyboard */; };
		1559613C2B2B2F2100C97927 /* RotationCardView.swift in Sources */ = {isa = PBXBuildFile; fileRef = 1559613B2B2B2F2100C97927 /* RotationCardView.swift */; };
		1559613E2B2B395700C97927 /* Image.xcassets in Resources */ = {isa = PBXBuildFile; fileRef = 1559613D2B2B395700C97927 /* Image.xcassets */; };
		155961402B2B4AD300C97927 /* GradientAnimatedLabel.swift in Sources */ = {isa = PBXBuildFile; fileRef = 1559613F2B2B4AD300C97927 /* GradientAnimatedLabel.swift */; };
/* End PBXBuildFile section */

/* Begin PBXFileReference section */
		155961222B2B23A700C97927 /* Example-LayoutIfNeeded.app */ = {isa = PBXFileReference; explicitFileType = wrapper.application; includeInIndex = 0; path = "Example-LayoutIfNeeded.app"; sourceTree = BUILT_PRODUCTS_DIR; };
		155961252B2B23A700C97927 /* AppDelegate.swift */ = {isa = PBXFileReference; lastKnownFileType = sourcecode.swift; path = AppDelegate.swift; sourceTree = "<group>"; };
		155961272B2B23A700C97927 /* SceneDelegate.swift */ = {isa = PBXFileReference; lastKnownFileType = sourcecode.swift; path = SceneDelegate.swift; sourceTree = "<group>"; };
		155961292B2B23A700C97927 /* ViewController.swift */ = {isa = PBXFileReference; lastKnownFileType = sourcecode.swift; path = ViewController.swift; sourceTree = "<group>"; };
		1559612E2B2B23A700C97927 /* Assets.xcassets */ = {isa = PBXFileReference; lastKnownFileType = folder.assetcatalog; path = Assets.xcassets; sourceTree = "<group>"; };
		155961312B2B23A700C97927 /* Base */ = {isa = PBXFileReference; lastKnownFileType = file.storyboard; name = Base; path = Base.lproj/LaunchScreen.storyboard; sourceTree = "<group>"; };
		155961332B2B23A700C97927 /* Info.plist */ = {isa = PBXFileReference; lastKnownFileType = text.plist.xml; path = Info.plist; sourceTree = "<group>"; };
		1559613B2B2B2F2100C97927 /* RotationCardView.swift */ = {isa = PBXFileReference; lastKnownFileType = sourcecode.swift; path = RotationCardView.swift; sourceTree = "<group>"; };
		1559613D2B2B395700C97927 /* Image.xcassets */ = {isa = PBXFileReference; lastKnownFileType = folder.assetcatalog; path = Image.xcassets; sourceTree = "<group>"; };
		1559613F2B2B4AD300C97927 /* GradientAnimatedLabel.swift */ = {isa = PBXFileReference; lastKnownFileType = sourcecode.swift; path = GradientAnimatedLabel.swift; sourceTree = "<group>"; };
/* End PBXFileReference section */

/* Begin PBXFrameworksBuildPhase section */
		1559611F2B2B23A700C97927 /* Frameworks */ = {
			isa = PBXFrameworksBuildPhase;
			buildActionMask = 2147483647;
			files = (
			);
			runOnlyForDeploymentPostprocessing = 0;
		};
/* End PBXFrameworksBuildPhase section */

/* Begin PBXGroup section */
		155961192B2B23A700C97927 = {
			isa = PBXGroup;
			children = (
				155961242B2B23A700C97927 /* Source */,
				155961232B2B23A700C97927 /* Products */,
			);
			sourceTree = "<group>";
		};
		155961232B2B23A700C97927 /* Products */ = {
			isa = PBXGroup;
			children = (
				155961222B2B23A700C97927 /* Example-LayoutIfNeeded.app */,
			);
			name = Products;
			sourceTree = "<group>";
		};
		155961242B2B23A700C97927 /* Source */ = {
			isa = PBXGroup;
			children = (
				1559613A2B2B23B400C97927 /* Support */,
				155961392B2B23AF00C97927 /* Feature */,
			);
			path = Source;
			sourceTree = "<group>";
		};
		155961392B2B23AF00C97927 /* Feature */ = {
			isa = PBXGroup;
			children = (
				155961292B2B23A700C97927 /* ViewController.swift */,
				1559613B2B2B2F2100C97927 /* RotationCardView.swift */,
				1559613F2B2B4AD300C97927 /* GradientAnimatedLabel.swift */,
			);
			path = Feature;
			sourceTree = "<group>";
		};
		1559613A2B2B23B400C97927 /* Support */ = {
			isa = PBXGroup;
			children = (
				155961252B2B23A700C97927 /* AppDelegate.swift */,
				1559612E2B2B23A700C97927 /* Assets.xcassets */,
				1559613D2B2B395700C97927 /* Image.xcassets */,
				155961272B2B23A700C97927 /* SceneDelegate.swift */,
				155961302B2B23A700C97927 /* LaunchScreen.storyboard */,
				155961332B2B23A700C97927 /* Info.plist */,
			);
			path = Support;
			sourceTree = "<group>";
		};
/* End PBXGroup section */

/* Begin PBXNativeTarget section */
		155961212B2B23A700C97927 /* Example-LayoutIfNeeded */ = {
			isa = PBXNativeTarget;
			buildConfigurationList = 155961362B2B23A700C97927 /* Build configuration list for PBXNativeTarget "Example-LayoutIfNeeded" */;
			buildPhases = (
				1559611E2B2B23A700C97927 /* Sources */,
				1559611F2B2B23A700C97927 /* Frameworks */,
				155961202B2B23A700C97927 /* Resources */,
			);
			buildRules = (
			);
			dependencies = (
			);
			name = "Example-LayoutIfNeeded";
			productName = "Example-LayoutIfNeeded";
			productReference = 155961222B2B23A700C97927 /* Example-LayoutIfNeeded.app */;
			productType = "com.apple.product-type.application";
		};
/* End PBXNativeTarget section */

/* Begin PBXProject section */
		1559611A2B2B23A700C97927 /* Project object */ = {
			isa = PBXProject;
			attributes = {
				BuildIndependentTargetsInParallel = 1;
				LastSwiftUpdateCheck = 1510;
				LastUpgradeCheck = 1510;
				TargetAttributes = {
					155961212B2B23A700C97927 = {
						CreatedOnToolsVersion = 15.1;
					};
				};
			};
			buildConfigurationList = 1559611D2B2B23A700C97927 /* Build configuration list for PBXProject "Example-LayoutIfNeeded" */;
			compatibilityVersion = "Xcode 14.0";
			developmentRegion = en;
			hasScannedForEncodings = 0;
			knownRegions = (
				en,
				Base,
			);
			mainGroup = 155961192B2B23A700C97927;
			productRefGroup = 155961232B2B23A700C97927 /* Products */;
			projectDirPath = "";
			projectRoot = "";
			targets = (
				155961212B2B23A700C97927 /* Example-LayoutIfNeeded */,
			);
		};
/* End PBXProject section */

/* Begin PBXResourcesBuildPhase section */
		155961202B2B23A700C97927 /* Resources */ = {
			isa = PBXResourcesBuildPhase;
			buildActionMask = 2147483647;
			files = (
				155961322B2B23A700C97927 /* LaunchScreen.storyboard in Resources */,
				1559613E2B2B395700C97927 /* Image.xcassets in Resources */,
				1559612F2B2B23A700C97927 /* Assets.xcassets in Resources */,
			);
			runOnlyForDeploymentPostprocessing = 0;
		};
/* End PBXResourcesBuildPhase section */

/* Begin PBXSourcesBuildPhase section */
		1559611E2B2B23A700C97927 /* Sources */ = {
			isa = PBXSourcesBuildPhase;
			buildActionMask = 2147483647;
			files = (
				1559612A2B2B23A700C97927 /* ViewController.swift in Sources */,
				155961402B2B4AD300C97927 /* GradientAnimatedLabel.swift in Sources */,
				155961262B2B23A700C97927 /* AppDelegate.swift in Sources */,
				155961282B2B23A700C97927 /* SceneDelegate.swift in Sources */,
				1559613C2B2B2F2100C97927 /* RotationCardView.swift in Sources */,
			);
			runOnlyForDeploymentPostprocessing = 0;
		};
/* End PBXSourcesBuildPhase section */

/* Begin PBXVariantGroup section */
		155961302B2B23A700C97927 /* LaunchScreen.storyboard */ = {
			isa = PBXVariantGroup;
			children = (
				155961312B2B23A700C97927 /* Base */,
			);
			name = LaunchScreen.storyboard;
			sourceTree = "<group>";
		};
/* End PBXVariantGroup section */

/* Begin XCBuildConfiguration section */
		155961342B2B23A700C97927 /* Debug */ = {
			isa = XCBuildConfiguration;
			buildSettings = {
				ALWAYS_SEARCH_USER_PATHS = NO;
				ASSETCATALOG_COMPILER_GENERATE_SWIFT_ASSET_SYMBOL_EXTENSIONS = YES;
				CLANG_ANALYZER_NONNULL = YES;
				CLANG_ANALYZER_NUMBER_OBJECT_CONVERSION = YES_AGGRESSIVE;
				CLANG_CXX_LANGUAGE_STANDARD = "gnu++20";
				CLANG_ENABLE_MODULES = YES;
				CLANG_ENABLE_OBJC_ARC = YES;
				CLANG_ENABLE_OBJC_WEAK = YES;
				CLANG_WARN_BLOCK_CAPTURE_AUTORELEASING = YES;
				CLANG_WARN_BOOL_CONVERSION = YES;
				CLANG_WARN_COMMA = YES;
				CLANG_WARN_CONSTANT_CONVERSION = YES;
				CLANG_WARN_DEPRECATED_OBJC_IMPLEMENTATIONS = YES;
				CLANG_WARN_DIRECT_OBJC_ISA_USAGE = YES_ERROR;
				CLANG_WARN_DOCUMENTATION_COMMENTS = YES;
				CLANG_WARN_EMPTY_BODY = YES;
				CLANG_WARN_ENUM_CONVERSION = YES;
				CLANG_WARN_INFINITE_RECURSION = YES;
				CLANG_WARN_INT_CONVERSION = YES;
				CLANG_WARN_NON_LITERAL_NULL_CONVERSION = YES;
				CLANG_WARN_OBJC_IMPLICIT_RETAIN_SELF = YES;
				CLANG_WARN_OBJC_LITERAL_CONVERSION = YES;
				CLANG_WARN_OBJC_ROOT_CLASS = YES_ERROR;
				CLANG_WARN_QUOTED_INCLUDE_IN_FRAMEWORK_HEADER = YES;
				CLANG_WARN_RANGE_LOOP_ANALYSIS = YES;
				CLANG_WARN_STRICT_PROTOTYPES = YES;
				CLANG_WARN_SUSPICIOUS_MOVE = YES;
				CLANG_WARN_UNGUARDED_AVAILABILITY = YES_AGGRESSIVE;
				CLANG_WARN_UNREACHABLE_CODE = YES;
				CLANG_WARN__DUPLICATE_METHOD_MATCH = YES;
				COPY_PHASE_STRIP = NO;
				DEBUG_INFORMATION_FORMAT = dwarf;
				ENABLE_STRICT_OBJC_MSGSEND = YES;
				ENABLE_TESTABILITY = YES;
				ENABLE_USER_SCRIPT_SANDBOXING = YES;
				GCC_C_LANGUAGE_STANDARD = gnu17;
				GCC_DYNAMIC_NO_PIC = NO;
				GCC_NO_COMMON_BLOCKS = YES;
				GCC_OPTIMIZATION_LEVEL = 0;
				GCC_PREPROCESSOR_DEFINITIONS = (
					"DEBUG=1",
					"$(inherited)",
				);
				GCC_WARN_64_TO_32_BIT_CONVERSION = YES;
				GCC_WARN_ABOUT_RETURN_TYPE = YES_ERROR;
				GCC_WARN_UNDECLARED_SELECTOR = YES;
				GCC_WARN_UNINITIALIZED_AUTOS = YES_AGGRESSIVE;
				GCC_WARN_UNUSED_FUNCTION = YES;
				GCC_WARN_UNUSED_VARIABLE = YES;
				IPHONEOS_DEPLOYMENT_TARGET = 17.2;
				LOCALIZATION_PREFERS_STRING_CATALOGS = YES;
				MTL_ENABLE_DEBUG_INFO = INCLUDE_SOURCE;
				MTL_FAST_MATH = YES;
				ONLY_ACTIVE_ARCH = YES;
				SDKROOT = iphoneos;
				SWIFT_ACTIVE_COMPILATION_CONDITIONS = "DEBUG $(inherited)";
				SWIFT_OPTIMIZATION_LEVEL = "-Onone";
			};
			name = Debug;
		};
		155961352B2B23A700C97927 /* Release */ = {
			isa = XCBuildConfiguration;
			buildSettings = {
				ALWAYS_SEARCH_USER_PATHS = NO;
				ASSETCATALOG_COMPILER_GENERATE_SWIFT_ASSET_SYMBOL_EXTENSIONS = YES;
				CLANG_ANALYZER_NONNULL = YES;
				CLANG_ANALYZER_NUMBER_OBJECT_CONVERSION = YES_AGGRESSIVE;
				CLANG_CXX_LANGUAGE_STANDARD = "gnu++20";
				CLANG_ENABLE_MODULES = YES;
				CLANG_ENABLE_OBJC_ARC = YES;
				CLANG_ENABLE_OBJC_WEAK = YES;
				CLANG_WARN_BLOCK_CAPTURE_AUTORELEASING = YES;
				CLANG_WARN_BOOL_CONVERSION = YES;
				CLANG_WARN_COMMA = YES;
				CLANG_WARN_CONSTANT_CONVERSION = YES;
				CLANG_WARN_DEPRECATED_OBJC_IMPLEMENTATIONS = YES;
				CLANG_WARN_DIRECT_OBJC_ISA_USAGE = YES_ERROR;
				CLANG_WARN_DOCUMENTATION_COMMENTS = YES;
				CLANG_WARN_EMPTY_BODY = YES;
				CLANG_WARN_ENUM_CONVERSION = YES;
				CLANG_WARN_INFINITE_RECURSION = YES;
				CLANG_WARN_INT_CONVERSION = YES;
				CLANG_WARN_NON_LITERAL_NULL_CONVERSION = YES;
				CLANG_WARN_OBJC_IMPLICIT_RETAIN_SELF = YES;
				CLANG_WARN_OBJC_LITERAL_CONVERSION = YES;
				CLANG_WARN_OBJC_ROOT_CLASS = YES_ERROR;
				CLANG_WARN_QUOTED_INCLUDE_IN_FRAMEWORK_HEADER = YES;
				CLANG_WARN_RANGE_LOOP_ANALYSIS = YES;
				CLANG_WARN_STRICT_PROTOTYPES = YES;
				CLANG_WARN_SUSPICIOUS_MOVE = YES;
				CLANG_WARN_UNGUARDED_AVAILABILITY = YES_AGGRESSIVE;
				CLANG_WARN_UNREACHABLE_CODE = YES;
				CLANG_WARN__DUPLICATE_METHOD_MATCH = YES;
				COPY_PHASE_STRIP = NO;
				DEBUG_INFORMATION_FORMAT = "dwarf-with-dsym";
				ENABLE_NS_ASSERTIONS = NO;
				ENABLE_STRICT_OBJC_MSGSEND = YES;
				ENABLE_USER_SCRIPT_SANDBOXING = YES;
				GCC_C_LANGUAGE_STANDARD = gnu17;
				GCC_NO_COMMON_BLOCKS = YES;
				GCC_WARN_64_TO_32_BIT_CONVERSION = YES;
				GCC_WARN_ABOUT_RETURN_TYPE = YES_ERROR;
				GCC_WARN_UNDECLARED_SELECTOR = YES;
				GCC_WARN_UNINITIALIZED_AUTOS = YES_AGGRESSIVE;
				GCC_WARN_UNUSED_FUNCTION = YES;
				GCC_WARN_UNUSED_VARIABLE = YES;
				IPHONEOS_DEPLOYMENT_TARGET = 17.2;
				LOCALIZATION_PREFERS_STRING_CATALOGS = YES;
				MTL_ENABLE_DEBUG_INFO = NO;
				MTL_FAST_MATH = YES;
				SDKROOT = iphoneos;
				SWIFT_COMPILATION_MODE = wholemodule;
				VALIDATE_PRODUCT = YES;
			};
			name = Release;
		};
		155961372B2B23A700C97927 /* Debug */ = {
			isa = XCBuildConfiguration;
			buildSettings = {
				ASSETCATALOG_COMPILER_APPICON_NAME = AppIcon;
				ASSETCATALOG_COMPILER_GLOBAL_ACCENT_COLOR_NAME = AccentColor;
				CODE_SIGN_STYLE = Automatic;
				CURRENT_PROJECT_VERSION = 1;
				GENERATE_INFOPLIST_FILE = YES;
				INFOPLIST_FILE = Source/Support/Info.plist;
				INFOPLIST_KEY_UIApplicationSupportsIndirectInputEvents = YES;
				INFOPLIST_KEY_UILaunchStoryboardName = LaunchScreen;
				INFOPLIST_KEY_UISupportedInterfaceOrientations_iPad = "UIInterfaceOrientationPortrait UIInterfaceOrientationPortraitUpsideDown UIInterfaceOrientationLandscapeLeft UIInterfaceOrientationLandscapeRight";
				INFOPLIST_KEY_UISupportedInterfaceOrientations_iPhone = "UIInterfaceOrientationPortrait UIInterfaceOrientationLandscapeLeft UIInterfaceOrientationLandscapeRight";
				LD_RUNPATH_SEARCH_PATHS = (
					"$(inherited)",
					"@executable_path/Frameworks",
				);
				MARKETING_VERSION = 1.0;
				PRODUCT_BUNDLE_IDENTIFIER = "SH.Example-LayoutIfNeeded";
				PRODUCT_NAME = "$(TARGET_NAME)";
				SWIFT_EMIT_LOC_STRINGS = YES;
				SWIFT_VERSION = 5.0;
				TARGETED_DEVICE_FAMILY = "1,2";
			};
			name = Debug;
		};
		155961382B2B23A700C97927 /* Release */ = {
			isa = XCBuildConfiguration;
			buildSettings = {
				ASSETCATALOG_COMPILER_APPICON_NAME = AppIcon;
				ASSETCATALOG_COMPILER_GLOBAL_ACCENT_COLOR_NAME = AccentColor;
				CODE_SIGN_STYLE = Automatic;
				CURRENT_PROJECT_VERSION = 1;
				GENERATE_INFOPLIST_FILE = YES;
				INFOPLIST_FILE = Source/Support/Info.plist;
				INFOPLIST_KEY_UIApplicationSupportsIndirectInputEvents = YES;
				INFOPLIST_KEY_UILaunchStoryboardName = LaunchScreen;
				INFOPLIST_KEY_UISupportedInterfaceOrientations_iPad = "UIInterfaceOrientationPortrait UIInterfaceOrientationPortraitUpsideDown UIInterfaceOrientationLandscapeLeft UIInterfaceOrientationLandscapeRight";
				INFOPLIST_KEY_UISupportedInterfaceOrientations_iPhone = "UIInterfaceOrientationPortrait UIInterfaceOrientationLandscapeLeft UIInterfaceOrientationLandscapeRight";
				LD_RUNPATH_SEARCH_PATHS = (
					"$(inherited)",
					"@executable_path/Frameworks",
				);
				MARKETING_VERSION = 1.0;
				PRODUCT_BUNDLE_IDENTIFIER = "SH.Example-LayoutIfNeeded";
				PRODUCT_NAME = "$(TARGET_NAME)";
				SWIFT_EMIT_LOC_STRINGS = YES;
				SWIFT_VERSION = 5.0;
				TARGETED_DEVICE_FAMILY = "1,2";
			};
			name = Release;
		};
/* End XCBuildConfiguration section */

/* Begin XCConfigurationList section */
		1559611D2B2B23A700C97927 /* Build configuration list for PBXProject "Example-LayoutIfNeeded" */ = {
			isa = XCConfigurationList;
			buildConfigurations = (
				155961342B2B23A700C97927 /* Debug */,
				155961352B2B23A700C97927 /* Release */,
			);
			defaultConfigurationIsVisible = 0;
			defaultConfigurationName = Release;
		};
		155961362B2B23A700C97927 /* Build configuration list for PBXNativeTarget "Example-LayoutIfNeeded" */ = {
			isa = XCConfigurationList;
			buildConfigurations = (
				155961372B2B23A700C97927 /* Debug */,
				155961382B2B23A700C97927 /* Release */,
			);
			defaultConfigurationIsVisible = 0;
			defaultConfigurationName = Release;
		};
/* End XCConfigurationList section */
	};
	rootObject = 1559611A2B2B23A700C97927 /* Project object */;
}
