// !$*UTF8*$!
{
	archiveVersion = 1;
	classes = {
	};
	objectVersion = 56;
	objects = {

/* Begin PBXBuildFile section */
		15B928112AF56767003A20D4 /* AppDelegate.swift in Sources */ = {isa = PBXBuildFile; fileRef = 15B928102AF56767003A20D4 /* AppDelegate.swift */; };
		15B928132AF56767003A20D4 /* SceneDelegate.swift in Sources */ = {isa = PBXBuildFile; fileRef = 15B928122AF56767003A20D4 /* SceneDelegate.swift */; };
		15B928152AF56767003A20D4 /* PetViewController.swift in Sources */ = {isa = PBXBuildFile; fileRef = 15B928142AF56767003A20D4 /* PetViewController.swift */; };
		15B9281A2AF56769003A20D4 /* Assets.xcassets in Resources */ = {isa = PBXBuildFile; fileRef = 15B928192AF56769003A20D4 /* Assets.xcassets */; };
		15B9281D2AF56769003A20D4 /* LaunchScreen.storyboard in Resources */ = {isa = PBXBuildFile; fileRef = 15B9281B2AF56769003A20D4 /* LaunchScreen.storyboard */; };
		15B928292AF568A8003A20D4 /* PaddingLabel.swift in Sources */ = {isa = PBXBuildFile; fileRef = 15B928282AF568A8003A20D4 /* PaddingLabel.swift */; };
		15B9282B2AF5690C003A20D4 /* Bool+.swift in Sources */ = {isa = PBXBuildFile; fileRef = 15B9282A2AF5690C003A20D4 /* Bool+.swift */; };
		15B928302AF569B0003A20D4 /* PetCellDelegate.swift in Sources */ = {isa = PBXBuildFile; fileRef = 15B9282F2AF569B0003A20D4 /* PetCellDelegate.swift */; };
		15B928332AF569CB003A20D4 /* PetViewController+Navigation.swift in Sources */ = {isa = PBXBuildFile; fileRef = 15B928322AF569CB003A20D4 /* PetViewController+Navigation.swift */; };
		15B928352AF56A02003A20D4 /* PetInfo.swift in Sources */ = {isa = PBXBuildFile; fileRef = 15B928342AF56A02003A20D4 /* PetInfo.swift */; };
		15B928372AF56A2D003A20D4 /* PetInfo+.swift in Sources */ = {isa = PBXBuildFile; fileRef = 15B928362AF56A2D003A20D4 /* PetInfo+.swift */; };
		15B928392AF56A8F003A20D4 /* PetCell.swift in Sources */ = {isa = PBXBuildFile; fileRef = 15B928382AF56A8F003A20D4 /* PetCell.swift */; };
/* End PBXBuildFile section */

/* Begin PBXFileReference section */
		15B9280D2AF56767003A20D4 /* DynamicTableViewCellWithAnimation.app */ = {isa = PBXFileReference; explicitFileType = wrapper.application; includeInIndex = 0; path = DynamicTableViewCellWithAnimation.app; sourceTree = BUILT_PRODUCTS_DIR; };
		15B928102AF56767003A20D4 /* AppDelegate.swift */ = {isa = PBXFileReference; lastKnownFileType = sourcecode.swift; path = AppDelegate.swift; sourceTree = "<group>"; };
		15B928122AF56767003A20D4 /* SceneDelegate.swift */ = {isa = PBXFileReference; lastKnownFileType = sourcecode.swift; path = SceneDelegate.swift; sourceTree = "<group>"; };
		15B928142AF56767003A20D4 /* PetViewController.swift */ = {isa = PBXFileReference; lastKnownFileType = sourcecode.swift; path = PetViewController.swift; sourceTree = "<group>"; };
		15B928192AF56769003A20D4 /* Assets.xcassets */ = {isa = PBXFileReference; lastKnownFileType = folder.assetcatalog; path = Assets.xcassets; sourceTree = "<group>"; };
		15B9281C2AF56769003A20D4 /* Base */ = {isa = PBXFileReference; lastKnownFileType = file.storyboard; name = Base; path = Base.lproj/LaunchScreen.storyboard; sourceTree = "<group>"; };
		15B9281E2AF56769003A20D4 /* Info.plist */ = {isa = PBXFileReference; lastKnownFileType = text.plist.xml; path = Info.plist; sourceTree = "<group>"; };
		15B928282AF568A8003A20D4 /* PaddingLabel.swift */ = {isa = PBXFileReference; lastKnownFileType = sourcecode.swift; path = PaddingLabel.swift; sourceTree = "<group>"; };
		15B9282A2AF5690C003A20D4 /* Bool+.swift */ = {isa = PBXFileReference; lastKnownFileType = sourcecode.swift; path = "Bool+.swift"; sourceTree = "<group>"; };
		15B9282F2AF569B0003A20D4 /* PetCellDelegate.swift */ = {isa = PBXFileReference; lastKnownFileType = sourcecode.swift; path = PetCellDelegate.swift; sourceTree = "<group>"; };
		15B928322AF569CB003A20D4 /* PetViewController+Navigation.swift */ = {isa = PBXFileReference; lastKnownFileType = sourcecode.swift; path = "PetViewController+Navigation.swift"; sourceTree = "<group>"; };
		15B928342AF56A02003A20D4 /* PetInfo.swift */ = {isa = PBXFileReference; lastKnownFileType = sourcecode.swift; path = PetInfo.swift; sourceTree = "<group>"; };
		15B928362AF56A2D003A20D4 /* PetInfo+.swift */ = {isa = PBXFileReference; lastKnownFileType = sourcecode.swift; path = "PetInfo+.swift"; sourceTree = "<group>"; };
		15B928382AF56A8F003A20D4 /* PetCell.swift */ = {isa = PBXFileReference; lastKnownFileType = sourcecode.swift; path = PetCell.swift; sourceTree = "<group>"; };
/* End PBXFileReference section */

/* Begin PBXFrameworksBuildPhase section */
		15B9280A2AF56767003A20D4 /* Frameworks */ = {
			isa = PBXFrameworksBuildPhase;
			buildActionMask = 2147483647;
			files = (
			);
			runOnlyForDeploymentPostprocessing = 0;
		};
/* End PBXFrameworksBuildPhase section */

/* Begin PBXGroup section */
		15B928042AF56767003A20D4 = {
			isa = PBXGroup;
			children = (
				15B9280F2AF56767003A20D4 /* Source */,
				15B9280E2AF56767003A20D4 /* Products */,
			);
			sourceTree = "<group>";
		};
		15B9280E2AF56767003A20D4 /* Products */ = {
			isa = PBXGroup;
			children = (
				15B9280D2AF56767003A20D4 /* DynamicTableViewCellWithAnimation.app */,
			);
			name = Products;
			sourceTree = "<group>";
		};
		15B9280F2AF56767003A20D4 /* Source */ = {
			isa = PBXGroup;
			children = (
				15B928272AF56813003A20D4 /* UIComponent */,
				15B928262AF5680A003A20D4 /* Common */,
				15B928252AF56805003A20D4 /* Feature */,
				15B928242AF567C0003A20D4 /* Support */,
			);
			path = Source;
			sourceTree = "<group>";
		};
		15B928242AF567C0003A20D4 /* Support */ = {
			isa = PBXGroup;
			children = (
				15B9281E2AF56769003A20D4 /* Info.plist */,
				15B928122AF56767003A20D4 /* SceneDelegate.swift */,
				15B928192AF56769003A20D4 /* Assets.xcassets */,
				15B9281B2AF56769003A20D4 /* LaunchScreen.storyboard */,
				15B928102AF56767003A20D4 /* AppDelegate.swift */,
			);
			path = Support;
			sourceTree = "<group>";
		};
		15B928252AF56805003A20D4 /* Feature */ = {
			isa = PBXGroup;
			children = (
				15B928312AF569C0003A20D4 /* Extension */,
				15B9282E2AF56949003A20D4 /* Protocol */,
				15B9282D2AF56937003A20D4 /* View */,
				15B9282C2AF56930003A20D4 /* ViewController */,
			);
			path = Feature;
			sourceTree = "<group>";
		};
		15B928262AF5680A003A20D4 /* Common */ = {
			isa = PBXGroup;
			children = (
				15B9282A2AF5690C003A20D4 /* Bool+.swift */,
			);
			path = Common;
			sourceTree = "<group>";
		};
		15B928272AF56813003A20D4 /* UIComponent */ = {
			isa = PBXGroup;
			children = (
				15B928282AF568A8003A20D4 /* PaddingLabel.swift */,
			);
			path = UIComponent;
			sourceTree = "<group>";
		};
		15B9282C2AF56930003A20D4 /* ViewController */ = {
			isa = PBXGroup;
			children = (
				15B928142AF56767003A20D4 /* PetViewController.swift */,
			);
			path = ViewController;
			sourceTree = "<group>";
		};
		15B9282D2AF56937003A20D4 /* View */ = {
			isa = PBXGroup;
			children = (
				15B928342AF56A02003A20D4 /* PetInfo.swift */,
				15B928382AF56A8F003A20D4 /* PetCell.swift */,
			);
			path = View;
			sourceTree = "<group>";
		};
		15B9282E2AF56949003A20D4 /* Protocol */ = {
			isa = PBXGroup;
			children = (
				15B9282F2AF569B0003A20D4 /* PetCellDelegate.swift */,
			);
			path = Protocol;
			sourceTree = "<group>";
		};
		15B928312AF569C0003A20D4 /* Extension */ = {
			isa = PBXGroup;
			children = (
				15B928322AF569CB003A20D4 /* PetViewController+Navigation.swift */,
				15B928362AF56A2D003A20D4 /* PetInfo+.swift */,
			);
			path = Extension;
			sourceTree = "<group>";
		};
/* End PBXGroup section */

/* Begin PBXNativeTarget section */
		15B9280C2AF56767003A20D4 /* DynamicTableViewCellWithAnimation */ = {
			isa = PBXNativeTarget;
			buildConfigurationList = 15B928212AF56769003A20D4 /* Build configuration list for PBXNativeTarget "DynamicTableViewCellWithAnimation" */;
			buildPhases = (
				15B928092AF56767003A20D4 /* Sources */,
				15B9280A2AF56767003A20D4 /* Frameworks */,
				15B9280B2AF56767003A20D4 /* Resources */,
			);
			buildRules = (
			);
			dependencies = (
			);
			name = DynamicTableViewCellWithAnimation;
			productName = DynamicTableViewCellWithAnimation;
			productReference = 15B9280D2AF56767003A20D4 /* DynamicTableViewCellWithAnimation.app */;
			productType = "com.apple.product-type.application";
		};
/* End PBXNativeTarget section */

/* Begin PBXProject section */
		15B928052AF56767003A20D4 /* Project object */ = {
			isa = PBXProject;
			attributes = {
				BuildIndependentTargetsInParallel = 1;
				LastSwiftUpdateCheck = 1500;
				LastUpgradeCheck = 1500;
				TargetAttributes = {
					15B9280C2AF56767003A20D4 = {
						CreatedOnToolsVersion = 15.0.1;
					};
				};
			};
			buildConfigurationList = 15B928082AF56767003A20D4 /* Build configuration list for PBXProject "DynamicTableViewCellWithAnimation" */;
			compatibilityVersion = "Xcode 14.0";
			developmentRegion = en;
			hasScannedForEncodings = 0;
			knownRegions = (
				en,
				Base,
			);
			mainGroup = 15B928042AF56767003A20D4;
			productRefGroup = 15B9280E2AF56767003A20D4 /* Products */;
			projectDirPath = "";
			projectRoot = "";
			targets = (
				15B9280C2AF56767003A20D4 /* DynamicTableViewCellWithAnimation */,
			);
		};
/* End PBXProject section */

/* Begin PBXResourcesBuildPhase section */
		15B9280B2AF56767003A20D4 /* Resources */ = {
			isa = PBXResourcesBuildPhase;
			buildActionMask = 2147483647;
			files = (
				15B9281D2AF56769003A20D4 /* LaunchScreen.storyboard in Resources */,
				15B9281A2AF56769003A20D4 /* Assets.xcassets in Resources */,
			);
			runOnlyForDeploymentPostprocessing = 0;
		};
/* End PBXResourcesBuildPhase section */

/* Begin PBXSourcesBuildPhase section */
		15B928092AF56767003A20D4 /* Sources */ = {
			isa = PBXSourcesBuildPhase;
			buildActionMask = 2147483647;
			files = (
				15B928292AF568A8003A20D4 /* PaddingLabel.swift in Sources */,
				15B928392AF56A8F003A20D4 /* PetCell.swift in Sources */,
				15B928372AF56A2D003A20D4 /* PetInfo+.swift in Sources */,
				15B928152AF56767003A20D4 /* PetViewController.swift in Sources */,
				15B928302AF569B0003A20D4 /* PetCellDelegate.swift in Sources */,
				15B928112AF56767003A20D4 /* AppDelegate.swift in Sources */,
				15B928132AF56767003A20D4 /* SceneDelegate.swift in Sources */,
				15B928352AF56A02003A20D4 /* PetInfo.swift in Sources */,
				15B928332AF569CB003A20D4 /* PetViewController+Navigation.swift in Sources */,
				15B9282B2AF5690C003A20D4 /* Bool+.swift in Sources */,
			);
			runOnlyForDeploymentPostprocessing = 0;
		};
/* End PBXSourcesBuildPhase section */

/* Begin PBXVariantGroup section */
		15B9281B2AF56769003A20D4 /* LaunchScreen.storyboard */ = {
			isa = PBXVariantGroup;
			children = (
				15B9281C2AF56769003A20D4 /* Base */,
			);
			name = LaunchScreen.storyboard;
			sourceTree = "<group>";
		};
/* End PBXVariantGroup section */

/* Begin XCBuildConfiguration section */
		15B9281F2AF56769003A20D4 /* Debug */ = {
			isa = XCBuildConfiguration;
			buildSettings = {
				ALWAYS_SEARCH_USER_PATHS = NO;
				ASSETCATALOG_COMPILER_GENERATE_SWIFT_ASSET_SYMBOL_EXTENSIONS = YES;
				CLANG_ANALYZER_NONNULL = YES;
				CLANG_ANALYZER_NUMBER_OBJECT_CONVERSION = YES_AGGRESSIVE;
				CLANG_CXX_LANGUAGE_STANDARD = "gnu++20";
				CLANG_ENABLE_MODULES = YES;
				CLANG_ENABLE_OBJC_ARC = YES;
				CLANG_ENABLE_OBJC_WEAK = YES;
				CLANG_WARN_BLOCK_CAPTURE_AUTORELEASING = YES;
				CLANG_WARN_BOOL_CONVERSION = YES;
				CLANG_WARN_COMMA = YES;
				CLANG_WARN_CONSTANT_CONVERSION = YES;
				CLANG_WARN_DEPRECATED_OBJC_IMPLEMENTATIONS = YES;
				CLANG_WARN_DIRECT_OBJC_ISA_USAGE = YES_ERROR;
				CLANG_WARN_DOCUMENTATION_COMMENTS = YES;
				CLANG_WARN_EMPTY_BODY = YES;
				CLANG_WARN_ENUM_CONVERSION = YES;
				CLANG_WARN_INFINITE_RECURSION = YES;
				CLANG_WARN_INT_CONVERSION = YES;
				CLANG_WARN_NON_LITERAL_NULL_CONVERSION = YES;
				CLANG_WARN_OBJC_IMPLICIT_RETAIN_SELF = YES;
				CLANG_WARN_OBJC_LITERAL_CONVERSION = YES;
				CLANG_WARN_OBJC_ROOT_CLASS = YES_ERROR;
				CLANG_WARN_QUOTED_INCLUDE_IN_FRAMEWORK_HEADER = YES;
				CLANG_WARN_RANGE_LOOP_ANALYSIS = YES;
				CLANG_WARN_STRICT_PROTOTYPES = YES;
				CLANG_WARN_SUSPICIOUS_MOVE = YES;
				CLANG_WARN_UNGUARDED_AVAILABILITY = YES_AGGRESSIVE;
				CLANG_WARN_UNREACHABLE_CODE = YES;
				CLANG_WARN__DUPLICATE_METHOD_MATCH = YES;
				COPY_PHASE_STRIP = NO;
				DEBUG_INFORMATION_FORMAT = dwarf;
				ENABLE_STRICT_OBJC_MSGSEND = YES;
				ENABLE_TESTABILITY = YES;
				ENABLE_USER_SCRIPT_SANDBOXING = YES;
				GCC_C_LANGUAGE_STANDARD = gnu17;
				GCC_DYNAMIC_NO_PIC = NO;
				GCC_NO_COMMON_BLOCKS = YES;
				GCC_OPTIMIZATION_LEVEL = 0;
				GCC_PREPROCESSOR_DEFINITIONS = (
					"DEBUG=1",
					"$(inherited)",
				);
				GCC_WARN_64_TO_32_BIT_CONVERSION = YES;
				GCC_WARN_ABOUT_RETURN_TYPE = YES_ERROR;
				GCC_WARN_UNDECLARED_SELECTOR = YES;
				GCC_WARN_UNINITIALIZED_AUTOS = YES_AGGRESSIVE;
				GCC_WARN_UNUSED_FUNCTION = YES;
				GCC_WARN_UNUSED_VARIABLE = YES;
				IPHONEOS_DEPLOYMENT_TARGET = 17.0;
				LOCALIZATION_PREFERS_STRING_CATALOGS = YES;
				MTL_ENABLE_DEBUG_INFO = INCLUDE_SOURCE;
				MTL_FAST_MATH = YES;
				ONLY_ACTIVE_ARCH = YES;
				SDKROOT = iphoneos;
				SWIFT_ACTIVE_COMPILATION_CONDITIONS = "DEBUG $(inherited)";
				SWIFT_OPTIMIZATION_LEVEL = "-Onone";
			};
			name = Debug;
		};
		15B928202AF56769003A20D4 /* Release */ = {
			isa = XCBuildConfiguration;
			buildSettings = {
				ALWAYS_SEARCH_USER_PATHS = NO;
				ASSETCATALOG_COMPILER_GENERATE_SWIFT_ASSET_SYMBOL_EXTENSIONS = YES;
				CLANG_ANALYZER_NONNULL = YES;
				CLANG_ANALYZER_NUMBER_OBJECT_CONVERSION = YES_AGGRESSIVE;
				CLANG_CXX_LANGUAGE_STANDARD = "gnu++20";
				CLANG_ENABLE_MODULES = YES;
				CLANG_ENABLE_OBJC_ARC = YES;
				CLANG_ENABLE_OBJC_WEAK = YES;
				CLANG_WARN_BLOCK_CAPTURE_AUTORELEASING = YES;
				CLANG_WARN_BOOL_CONVERSION = YES;
				CLANG_WARN_COMMA = YES;
				CLANG_WARN_CONSTANT_CONVERSION = YES;
				CLANG_WARN_DEPRECATED_OBJC_IMPLEMENTATIONS = YES;
				CLANG_WARN_DIRECT_OBJC_ISA_USAGE = YES_ERROR;
				CLANG_WARN_DOCUMENTATION_COMMENTS = YES;
				CLANG_WARN_EMPTY_BODY = YES;
				CLANG_WARN_ENUM_CONVERSION = YES;
				CLANG_WARN_INFINITE_RECURSION = YES;
				CLANG_WARN_INT_CONVERSION = YES;
				CLANG_WARN_NON_LITERAL_NULL_CONVERSION = YES;
				CLANG_WARN_OBJC_IMPLICIT_RETAIN_SELF = YES;
				CLANG_WARN_OBJC_LITERAL_CONVERSION = YES;
				CLANG_WARN_OBJC_ROOT_CLASS = YES_ERROR;
				CLANG_WARN_QUOTED_INCLUDE_IN_FRAMEWORK_HEADER = YES;
				CLANG_WARN_RANGE_LOOP_ANALYSIS = YES;
				CLANG_WARN_STRICT_PROTOTYPES = YES;
				CLANG_WARN_SUSPICIOUS_MOVE = YES;
				CLANG_WARN_UNGUARDED_AVAILABILITY = YES_AGGRESSIVE;
				CLANG_WARN_UNREACHABLE_CODE = YES;
				CLANG_WARN__DUPLICATE_METHOD_MATCH = YES;
				COPY_PHASE_STRIP = NO;
				DEBUG_INFORMATION_FORMAT = "dwarf-with-dsym";
				ENABLE_NS_ASSERTIONS = NO;
				ENABLE_STRICT_OBJC_MSGSEND = YES;
				ENABLE_USER_SCRIPT_SANDBOXING = YES;
				GCC_C_LANGUAGE_STANDARD = gnu17;
				GCC_NO_COMMON_BLOCKS = YES;
				GCC_WARN_64_TO_32_BIT_CONVERSION = YES;
				GCC_WARN_ABOUT_RETURN_TYPE = YES_ERROR;
				GCC_WARN_UNDECLARED_SELECTOR = YES;
				GCC_WARN_UNINITIALIZED_AUTOS = YES_AGGRESSIVE;
				GCC_WARN_UNUSED_FUNCTION = YES;
				GCC_WARN_UNUSED_VARIABLE = YES;
				IPHONEOS_DEPLOYMENT_TARGET = 17.0;
				LOCALIZATION_PREFERS_STRING_CATALOGS = YES;
				MTL_ENABLE_DEBUG_INFO = NO;
				MTL_FAST_MATH = YES;
				SDKROOT = iphoneos;
				SWIFT_COMPILATION_MODE = wholemodule;
				VALIDATE_PRODUCT = YES;
			};
			name = Release;
		};
		15B928222AF56769003A20D4 /* Debug */ = {
			isa = XCBuildConfiguration;
			buildSettings = {
				ASSETCATALOG_COMPILER_APPICON_NAME = AppIcon;
				ASSETCATALOG_COMPILER_GLOBAL_ACCENT_COLOR_NAME = AccentColor;
				CODE_SIGN_STYLE = Automatic;
				CURRENT_PROJECT_VERSION = 1;
				GENERATE_INFOPLIST_FILE = YES;
				INFOPLIST_FILE = Source/Support/Info.plist;
				INFOPLIST_KEY_UIApplicationSupportsIndirectInputEvents = YES;
				INFOPLIST_KEY_UILaunchStoryboardName = LaunchScreen;
				INFOPLIST_KEY_UISupportedInterfaceOrientations = UIInterfaceOrientationPortrait;
				INFOPLIST_KEY_UISupportedInterfaceOrientations_iPad = "UIInterfaceOrientationLandscapeLeft UIInterfaceOrientationLandscapeRight UIInterfaceOrientationPortrait UIInterfaceOrientationPortraitUpsideDown";
				LD_RUNPATH_SEARCH_PATHS = (
					"$(inherited)",
					"@executable_path/Frameworks",
				);
				MARKETING_VERSION = 1.0;
				PRODUCT_BUNDLE_IDENTIFIER = SH.DynamicTableViewCellWithAnimation;
				PRODUCT_NAME = "$(TARGET_NAME)";
				SUPPORTED_PLATFORMS = "iphoneos iphonesimulator";
				SUPPORTS_MACCATALYST = NO;
				SUPPORTS_MAC_DESIGNED_FOR_IPHONE_IPAD = NO;
				SWIFT_EMIT_LOC_STRINGS = YES;
				SWIFT_VERSION = 5.0;
				TARGETED_DEVICE_FAMILY = 1;
			};
			name = Debug;
		};
		15B928232AF56769003A20D4 /* Release */ = {
			isa = XCBuildConfiguration;
			buildSettings = {
				ASSETCATALOG_COMPILER_APPICON_NAME = AppIcon;
				ASSETCATALOG_COMPILER_GLOBAL_ACCENT_COLOR_NAME = AccentColor;
				CODE_SIGN_STYLE = Automatic;
				CURRENT_PROJECT_VERSION = 1;
				GENERATE_INFOPLIST_FILE = YES;
				INFOPLIST_FILE = Source/Support/Info.plist;
				INFOPLIST_KEY_UIApplicationSupportsIndirectInputEvents = YES;
				INFOPLIST_KEY_UILaunchStoryboardName = LaunchScreen;
				INFOPLIST_KEY_UISupportedInterfaceOrientations = UIInterfaceOrientationPortrait;
				INFOPLIST_KEY_UISupportedInterfaceOrientations_iPad = "UIInterfaceOrientationLandscapeLeft UIInterfaceOrientationLandscapeRight UIInterfaceOrientationPortrait UIInterfaceOrientationPortraitUpsideDown";
				LD_RUNPATH_SEARCH_PATHS = (
					"$(inherited)",
					"@executable_path/Frameworks",
				);
				MARKETING_VERSION = 1.0;
				PRODUCT_BUNDLE_IDENTIFIER = SH.DynamicTableViewCellWithAnimation;
				PRODUCT_NAME = "$(TARGET_NAME)";
				SUPPORTED_PLATFORMS = "iphoneos iphonesimulator";
				SUPPORTS_MACCATALYST = NO;
				SUPPORTS_MAC_DESIGNED_FOR_IPHONE_IPAD = NO;
				SWIFT_EMIT_LOC_STRINGS = YES;
				SWIFT_VERSION = 5.0;
				TARGETED_DEVICE_FAMILY = 1;
			};
			name = Release;
		};
/* End XCBuildConfiguration section */

/* Begin XCConfigurationList section */
		15B928082AF56767003A20D4 /* Build configuration list for PBXProject "DynamicTableViewCellWithAnimation" */ = {
			isa = XCConfigurationList;
			buildConfigurations = (
				15B9281F2AF56769003A20D4 /* Debug */,
				15B928202AF56769003A20D4 /* Release */,
			);
			defaultConfigurationIsVisible = 0;
			defaultConfigurationName = Release;
		};
		15B928212AF56769003A20D4 /* Build configuration list for PBXNativeTarget "DynamicTableViewCellWithAnimation" */ = {
			isa = XCConfigurationList;
			buildConfigurations = (
				15B928222AF56769003A20D4 /* Debug */,
				15B928232AF56769003A20D4 /* Release */,
			);
			defaultConfigurationIsVisible = 0;
			defaultConfigurationName = Release;
		};
/* End XCConfigurationList section */
	};
	rootObject = 15B928052AF56767003A20D4 /* Project object */;
}
